
Microsoft Visual Studio Solution File, Format Version 12.00
# Visual Studio Version 16
VisualStudioVersion = 16.0.30804.86
MinimumVisualStudioVersion = 10.0.40219.1
Project("{FAE04EC0-301F-11D3-BF4B-00C04F79EFBC}") = "BrainenceExchange", "BrainenceExchange\BrainenceExchange.csproj", "{589DEEA7-DA3B-45A2-813A-B4AFC18113C1}"
EndProject
Global
	GlobalSection(SolutionConfigurationPlatforms) = preSolution
		Debug|Any CPU = Debug|Any CPU
		Release|Any CPU = Release|Any CPU
	EndGlobalSection
	GlobalSection(ProjectConfigurationPlatforms) = postSolution
		{589DEEA7-DA3B-45A2-813A-B4AFC18113C1}.Debug|Any CPU.ActiveCfg = Debug|Any CPU
		{589DEEA7-DA3B-45A2-813A-B4AFC18113C1}.Debug|Any CPU.Build.0 = Debug|Any CPU
		{589DEEA7-DA3B-45A2-813A-B4AFC18113C1}.Release|Any CPU.ActiveCfg = Release|Any CPU
		{589DEEA7-DA3B-45A2-813A-B4AFC18113C1}.Release|Any CPU.Build.0 = Release|Any CPU
	EndGlobalSection
	GlobalSection(SolutionProperties) = preSolution
		HideSolutionNode = FALSE
	EndGlobalSection
	GlobalSection(ExtensibilityGlobals) = postSolution
		SolutionGuid = {CEEED0BC-70CA-4804-A582-79628EB581C7}
	EndGlobalSection
EndGlobal
